
Microsoft Visual Studio Solution File, Format Version 12.00
# Blend for Visual Studio Version 17
VisualStudioVersion = 17.14.36616.10 d17.14
MinimumVisualStudioVersion = 10.0.40219.1
Project("{FAE04EC0-301F-11D3-BF4B-00C04F79EFBC}") = "CalculatorAppUI", "CalculatorAppUI.csproj", "{970BEDE1-0D0B-408B-A0CC-F75BEDB8CCA8}"
EndProject
Global
	GlobalSection(SolutionConfigurationPlatforms) = preSolution
		Debug|Any CPU = Debug|Any CPU
		Release|Any CPU = Release|Any CPU
	EndGlobalSection
	GlobalSection(ProjectConfigurationPlatforms) = postSolution
		{970BEDE1-0D0B-408B-A0CC-F75BEDB8CCA8}.Debug|Any CPU.ActiveCfg = Debug|Any CPU
		{970BEDE1-0D0B-408B-A0CC-F75BEDB8CCA8}.Debug|Any CPU.Build.0 = Debug|Any CPU
		{970BEDE1-0D0B-408B-A0CC-F75BEDB8CCA8}.Release|Any CPU.ActiveCfg = Release|Any CPU
		{970BEDE1-0D0B-408B-A0CC-F75BEDB8CCA8}.Release|Any CPU.Build.0 = Release|Any CPU
	EndGlobalSection
	GlobalSection(SolutionProperties) = preSolution
		HideSolutionNode = FALSE
	EndGlobalSection
	GlobalSection(ExtensibilityGlobals) = postSolution
		SolutionGuid = {44513728-A311-42F0-A556-DC7E2C930324}
	EndGlobalSection
EndGlobal
