
Microsoft Visual Studio Solution File, Format Version 12.00
# Blend for Visual Studio Version 17
VisualStudioVersion = 17.14.36616.10 d17.14
MinimumVisualStudioVersion = 10.0.40219.1
Project("{FAE04EC0-301F-11D3-BF4B-00C04F79EFBC}") = "CarSimulation", "CarSimulation.csproj", "{B6F5682F-C76F-4140-9709-0E13481B5AA8}"
EndProject
Global
	GlobalSection(SolutionConfigurationPlatforms) = preSolution
		Debug|Any CPU = Debug|Any CPU
		Release|Any CPU = Release|Any CPU
	EndGlobalSection
	GlobalSection(ProjectConfigurationPlatforms) = postSolution
		{B6F5682F-C76F-4140-9709-0E13481B5AA8}.Debug|Any CPU.ActiveCfg = Debug|Any CPU
		{B6F5682F-C76F-4140-9709-0E13481B5AA8}.Debug|Any CPU.Build.0 = Debug|Any CPU
		{B6F5682F-C76F-4140-9709-0E13481B5AA8}.Release|Any CPU.ActiveCfg = Release|Any CPU
		{B6F5682F-C76F-4140-9709-0E13481B5AA8}.Release|Any CPU.Build.0 = Release|Any CPU
	EndGlobalSection
	GlobalSection(SolutionProperties) = preSolution
		HideSolutionNode = FALSE
	EndGlobalSection
	GlobalSection(ExtensibilityGlobals) = postSolution
		SolutionGuid = {A87A8764-1B9A-4CE5-A390-40559E2C0580}
	EndGlobalSection
EndGlobal
