
Microsoft Visual Studio Solution File, Format Version 12.00
# Blend for Visual Studio Version 17
VisualStudioVersion = 17.14.36616.10 d17.14
MinimumVisualStudioVersion = 10.0.40219.1
Project("{FAE04EC0-301F-11D3-BF4B-00C04F79EFBC}") = "MathSolverApplication", "MathSolverApplication.csproj", "{0D1B8822-A4ED-42C2-921D-A65F08581111}"
EndProject
Global
	GlobalSection(SolutionConfigurationPlatforms) = preSolution
		Debug|Any CPU = Debug|Any CPU
		Release|Any CPU = Release|Any CPU
	EndGlobalSection
	GlobalSection(ProjectConfigurationPlatforms) = postSolution
		{0D1B8822-A4ED-42C2-921D-A65F08581111}.Debug|Any CPU.ActiveCfg = Debug|Any CPU
		{0D1B8822-A4ED-42C2-921D-A65F08581111}.Debug|Any CPU.Build.0 = Debug|Any CPU
		{0D1B8822-A4ED-42C2-921D-A65F08581111}.Release|Any CPU.ActiveCfg = Release|Any CPU
		{0D1B8822-A4ED-42C2-921D-A65F08581111}.Release|Any CPU.Build.0 = Release|Any CPU
	EndGlobalSection
	GlobalSection(SolutionProperties) = preSolution
		HideSolutionNode = FALSE
	EndGlobalSection
	GlobalSection(ExtensibilityGlobals) = postSolution
		SolutionGuid = {4F8B17E5-9B70-47B4-985C-7A07B5CDE077}
	EndGlobalSection
EndGlobal
